
Microsoft Visual Studio Solution File, Format Version 12.00
# Visual Studio Version 17
VisualStudioVersion = 17.4.33205.214
MinimumVisualStudioVersion = 10.0.40219.1
Project("{8BC9CEB8-8B4A-11D0-8D11-00A0C91BC942}") = "DirList", "DirList\DirList.vcxproj", "{737FA2EB-BFF8-411B-A7CE-AAE6916D1AC1}"
EndProject
Project("{8BC9CEB8-8B4A-11D0-8D11-00A0C91BC942}") = "DirWavCue", "DirWavCue\DirWavCue.vcxproj", "{251F437F-6A81-4D02-990F-09790F232F84}"
EndProject
Project("{8BC9CEB8-8B4A-11D0-8D11-00A0C91BC942}") = "Poopi_Cue_Mover", "Poopi_Cue_Mover\Poopi_Cue_Mover.vcxproj", "{15C00FF7-340B-444E-B02F-2093020D70DF}"
EndProject
Project("{8BC9CEB8-8B4A-11D0-8D11-00A0C91BC942}") = "PoopiPathLengthChecker", "PoopiPathLengthChecker\PoopiPathLengthChecker.vcxproj", "{C4FD365E-1DE9-49B5-BFC8-7E6AAE351971}"
EndProject
Global
	GlobalSection(SolutionConfigurationPlatforms) = preSolution
		Debug|x64 = Debug|x64
		Debug|x86 = Debug|x86
		Release|x64 = Release|x64
		Release|x86 = Release|x86
	EndGlobalSection
	GlobalSection(ProjectConfigurationPlatforms) = postSolution
		{737FA2EB-BFF8-411B-A7CE-AAE6916D1AC1}.Debug|x64.ActiveCfg = Debug|x64
		{737FA2EB-BFF8-411B-A7CE-AAE6916D1AC1}.Debug|x64.Build.0 = Debug|x64
		{737FA2EB-BFF8-411B-A7CE-AAE6916D1AC1}.Debug|x86.ActiveCfg = Debug|Win32
		{737FA2EB-BFF8-411B-A7CE-AAE6916D1AC1}.Debug|x86.Build.0 = Debug|Win32
		{737FA2EB-BFF8-411B-A7CE-AAE6916D1AC1}.Release|x64.ActiveCfg = Release|x64
		{737FA2EB-BFF8-411B-A7CE-AAE6916D1AC1}.Release|x64.Build.0 = Release|x64
		{737FA2EB-BFF8-411B-A7CE-AAE6916D1AC1}.Release|x86.ActiveCfg = Release|Win32
		{737FA2EB-BFF8-411B-A7CE-AAE6916D1AC1}.Release|x86.Build.0 = Release|Win32
		{251F437F-6A81-4D02-990F-09790F232F84}.Debug|x64.ActiveCfg = Debug|x64
		{251F437F-6A81-4D02-990F-09790F232F84}.Debug|x64.Build.0 = Debug|x64
		{251F437F-6A81-4D02-990F-09790F232F84}.Debug|x86.ActiveCfg = Debug|Win32
		{251F437F-6A81-4D02-990F-09790F232F84}.Debug|x86.Build.0 = Debug|Win32
		{251F437F-6A81-4D02-990F-09790F232F84}.Release|x64.ActiveCfg = Release|x64
		{251F437F-6A81-4D02-990F-09790F232F84}.Release|x64.Build.0 = Release|x64
		{251F437F-6A81-4D02-990F-09790F232F84}.Release|x86.ActiveCfg = Release|Win32
		{251F437F-6A81-4D02-990F-09790F232F84}.Release|x86.Build.0 = Release|Win32
		{15C00FF7-340B-444E-B02F-2093020D70DF}.Debug|x64.ActiveCfg = Debug|x64
		{15C00FF7-340B-444E-B02F-2093020D70DF}.Debug|x64.Build.0 = Debug|x64
		{15C00FF7-340B-444E-B02F-2093020D70DF}.Debug|x86.ActiveCfg = Debug|Win32
		{15C00FF7-340B-444E-B02F-2093020D70DF}.Debug|x86.Build.0 = Debug|Win32
		{15C00FF7-340B-444E-B02F-2093020D70DF}.Release|x64.ActiveCfg = Release|x64
		{15C00FF7-340B-444E-B02F-2093020D70DF}.Release|x64.Build.0 = Release|x64
		{15C00FF7-340B-444E-B02F-2093020D70DF}.Release|x86.ActiveCfg = Release|Win32
		{15C00FF7-340B-444E-B02F-2093020D70DF}.Release|x86.Build.0 = Release|Win32
		{C4FD365E-1DE9-49B5-BFC8-7E6AAE351971}.Debug|x64.ActiveCfg = Debug|x64
		{C4FD365E-1DE9-49B5-BFC8-7E6AAE351971}.Debug|x64.Build.0 = Debug|x64
		{C4FD365E-1DE9-49B5-BFC8-7E6AAE351971}.Debug|x86.ActiveCfg = Debug|Win32
		{C4FD365E-1DE9-49B5-BFC8-7E6AAE351971}.Debug|x86.Build.0 = Debug|Win32
		{C4FD365E-1DE9-49B5-BFC8-7E6AAE351971}.Release|x64.ActiveCfg = Release|x64
		{C4FD365E-1DE9-49B5-BFC8-7E6AAE351971}.Release|x64.Build.0 = Release|x64
		{C4FD365E-1DE9-49B5-BFC8-7E6AAE351971}.Release|x86.ActiveCfg = Release|Win32
		{C4FD365E-1DE9-49B5-BFC8-7E6AAE351971}.Release|x86.Build.0 = Release|Win32
	EndGlobalSection
	GlobalSection(SolutionProperties) = preSolution
		HideSolutionNode = FALSE
	EndGlobalSection
	GlobalSection(ExtensibilityGlobals) = postSolution
		SolutionGuid = {58C40A59-3880-4481-851C-71564587E41A}
	EndGlobalSection
EndGlobal
